
Microsoft Visual Studio Solution File, Format Version 12.00
# Visual Studio Express 2013 for Windows Desktop
VisualStudioVersion = 12.0.31101.0
MinimumVisualStudioVersion = 10.0.40219.1
Project("{8BC9CEB8-8B4A-11D0-8D11-00A0C91BC942}") = "ClassString", "ClassString\ClassString.vcxproj", "{5E546DEC-E468-43E2-9843-933E8A589678}"
EndProject
Global
	GlobalSection(SolutionConfigurationPlatforms) = preSolution
		Debug|Win32 = Debug|Win32
		Release|Win32 = Release|Win32
	EndGlobalSection
	GlobalSection(ProjectConfigurationPlatforms) = postSolution
		{5E546DEC-E468-43E2-9843-933E8A589678}.Debug|Win32.ActiveCfg = Debug|Win32
		{5E546DEC-E468-43E2-9843-933E8A589678}.Debug|Win32.Build.0 = Debug|Win32
		{5E546DEC-E468-43E2-9843-933E8A589678}.Release|Win32.ActiveCfg = Release|Win32
		{5E546DEC-E468-43E2-9843-933E8A589678}.Release|Win32.Build.0 = Release|Win32
	EndGlobalSection
	GlobalSection(SolutionProperties) = preSolution
		HideSolutionNode = FALSE
	EndGlobalSection
EndGlobal
